
Microsoft Visual Studio Solution File, Format Version 12.00
# Visual Studio Version 17
VisualStudioVersion = 17.10.34928.147
MinimumVisualStudioVersion = 10.0.40219.1
Project("{FAE04EC0-301F-11D3-BF4B-00C04F79EFBC}") = "HashCalculator", "HashCalculator\HashCalculator.csproj", "{FBB6C7C4-B8B0-4AC6-B4CD-D8C2C5B8849F}"
EndProject
Global
	GlobalSection(SolutionConfigurationPlatforms) = preSolution
		Debug|Any CPU = Debug|Any CPU
		Release|Any CPU = Release|Any CPU
	EndGlobalSection
	GlobalSection(ProjectConfigurationPlatforms) = postSolution
		{FBB6C7C4-B8B0-4AC6-B4CD-D8C2C5B8849F}.Debug|Any CPU.ActiveCfg = Debug|Any CPU
		{FBB6C7C4-B8B0-4AC6-B4CD-D8C2C5B8849F}.Debug|Any CPU.Build.0 = Debug|Any CPU
		{FBB6C7C4-B8B0-4AC6-B4CD-D8C2C5B8849F}.Release|Any CPU.ActiveCfg = Release|Any CPU
		{FBB6C7C4-B8B0-4AC6-B4CD-D8C2C5B8849F}.Release|Any CPU.Build.0 = Release|Any CPU
	EndGlobalSection
	GlobalSection(SolutionProperties) = preSolution
		HideSolutionNode = FALSE
	EndGlobalSection
	GlobalSection(ExtensibilityGlobals) = postSolution
		SolutionGuid = {74B85881-20A0-41D5-98BD-4058E0EB28E9}
	EndGlobalSection
EndGlobal
